// !$*UTF8*$!
{
	archiveVersion = 1;
	classes = {
	};
	objectVersion = 46;
	objects = {

/* Begin PBXBuildFile section */
		6F7D74CA1BD1B46B0035E6E3 /* AppDelegate.swift in Sources */ = {isa = PBXBuildFile; fileRef = 6F7D74C91BD1B46B0035E6E3 /* AppDelegate.swift */; };
		6F7D74CC1BD1B46B0035E6E3 /* ExampleViewController.swift in Sources */ = {isa = PBXBuildFile; fileRef = 6F7D74CB1BD1B46B0035E6E3 /* ExampleViewController.swift */; };
		6F7D74CE1BD1B46B0035E6E3 /* ExampleView.swift in Sources */ = {isa = PBXBuildFile; fileRef = 6F7D74CD1BD1B46B0035E6E3 /* ExampleView.swift */; };
		6F7D74D41BD1B46B0035E6E3 /* Assets.xcassets in Resources */ = {isa = PBXBuildFile; fileRef = 6F7D74D31BD1B46B0035E6E3 /* Assets.xcassets */; };
		6F7D74D71BD1B46B0035E6E3 /* LaunchScreen.storyboard in Resources */ = {isa = PBXBuildFile; fileRef = 6F7D74D51BD1B46B0035E6E3 /* LaunchScreen.storyboard */; };
		6F7D74DE1BD1B6740035E6E3 /* APRedorderableStackView.swift in Sources */ = {isa = PBXBuildFile; fileRef = 6F7D74DD1BD1B6740035E6E3 /* APRedorderableStackView.swift */; };
		6F7D74E41BD1B8370035E6E3 /* UIColorExtension.swift in Sources */ = {isa = PBXBuildFile; fileRef = 6F7D74E31BD1B8370035E6E3 /* UIColorExtension.swift */; };
/* End PBXBuildFile section */

/* Begin PBXFileReference section */
		6F7D74C61BD1B46B0035E6E3 /* ReorderStackView.app */ = {isa = PBXFileReference; explicitFileType = wrapper.application; includeInIndex = 0; path = ReorderStackView.app; sourceTree = BUILT_PRODUCTS_DIR; };
		6F7D74C91BD1B46B0035E6E3 /* AppDelegate.swift */ = {isa = PBXFileReference; lastKnownFileType = sourcecode.swift; path = AppDelegate.swift; sourceTree = "<group>"; };
		6F7D74CB1BD1B46B0035E6E3 /* ExampleViewController.swift */ = {isa = PBXFileReference; lastKnownFileType = sourcecode.swift; path = ExampleViewController.swift; sourceTree = "<group>"; };
		6F7D74CD1BD1B46B0035E6E3 /* ExampleView.swift */ = {isa = PBXFileReference; lastKnownFileType = sourcecode.swift; path = ExampleView.swift; sourceTree = "<group>"; };
		6F7D74D11BD1B46B0035E6E3 /* Info.plist */ = {isa = PBXFileReference; lastKnownFileType = text.plist.xml; path = Info.plist; sourceTree = "<group>"; };
		6F7D74D31BD1B46B0035E6E3 /* Assets.xcassets */ = {isa = PBXFileReference; lastKnownFileType = folder.assetcatalog; path = Assets.xcassets; sourceTree = "<group>"; };
		6F7D74D61BD1B46B0035E6E3 /* Base */ = {isa = PBXFileReference; lastKnownFileType = file.storyboard; name = Base; path = Base.lproj/LaunchScreen.storyboard; sourceTree = "<group>"; };
		6F7D74DD1BD1B6740035E6E3 /* APRedorderableStackView.swift */ = {isa = PBXFileReference; fileEncoding = 4; lastKnownFileType = sourcecode.swift; path = APRedorderableStackView.swift; sourceTree = "<group>"; };
		6F7D74E31BD1B8370035E6E3 /* UIColorExtension.swift */ = {isa = PBXFileReference; fileEncoding = 4; lastKnownFileType = sourcecode.swift; name = UIColorExtension.swift; path = ../UIColorExtension.swift; sourceTree = "<group>"; };
/* End PBXFileReference section */

/* Begin PBXFrameworksBuildPhase section */
		6F7D74C31BD1B46B0035E6E3 /* Frameworks */ = {
			isa = PBXFrameworksBuildPhase;
			buildActionMask = 2147483647;
			files = (
			);
			runOnlyForDeploymentPostprocessing = 0;
		};
/* End PBXFrameworksBuildPhase section */

/* Begin PBXGroup section */
		6F7D74BD1BD1B46B0035E6E3 = {
			isa = PBXGroup;
			children = (
				6F7D74C81BD1B46B0035E6E3 /* ReorderStackView */,
				6F7D74C71BD1B46B0035E6E3 /* Products */,
			);
			sourceTree = "<group>";
		};
		6F7D74C71BD1B46B0035E6E3 /* Products */ = {
			isa = PBXGroup;
			children = (
				6F7D74C61BD1B46B0035E6E3 /* ReorderStackView.app */,
			);
			name = Products;
			sourceTree = "<group>";
		};
		6F7D74C81BD1B46B0035E6E3 /* ReorderStackView */ = {
			isa = PBXGroup;
			children = (
				6F7D74C91BD1B46B0035E6E3 /* AppDelegate.swift */,
				6F7D74CB1BD1B46B0035E6E3 /* ExampleViewController.swift */,
				6F7D74CD1BD1B46B0035E6E3 /* ExampleView.swift */,
				6F7D74DD1BD1B6740035E6E3 /* APRedorderableStackView.swift */,
				6F7D74E31BD1B8370035E6E3 /* UIColorExtension.swift */,
				6F7D74D11BD1B46B0035E6E3 /* Info.plist */,
				6F7D74D31BD1B46B0035E6E3 /* Assets.xcassets */,
				6F7D74D51BD1B46B0035E6E3 /* LaunchScreen.storyboard */,
			);
			path = ReorderStackView;
			sourceTree = "<group>";
		};
/* End PBXGroup section */

/* Begin PBXNativeTarget section */
		6F7D74C51BD1B46B0035E6E3 /* ReorderStackView */ = {
			isa = PBXNativeTarget;
			buildConfigurationList = 6F7D74DA1BD1B46B0035E6E3 /* Build configuration list for PBXNativeTarget "ReorderStackView" */;
			buildPhases = (
				6F7D74C21BD1B46B0035E6E3 /* Sources */,
				6F7D74C31BD1B46B0035E6E3 /* Frameworks */,
				6F7D74C41BD1B46B0035E6E3 /* Resources */,
			);
			buildRules = (
			);
			dependencies = (
			);
			name = ReorderStackView;
			productName = ReorderStackView;
			productReference = 6F7D74C61BD1B46B0035E6E3 /* ReorderStackView.app */;
			productType = "com.apple.product-type.application";
		};
/* End PBXNativeTarget section */

/* Begin PBXProject section */
		6F7D74BE1BD1B46B0035E6E3 /* Project object */ = {
			isa = PBXProject;
			attributes = {
				LastUpgradeCheck = 0710;
				ORGANIZATIONNAME = "Clay Ellis";
				TargetAttributes = {
					6F7D74C51BD1B46B0035E6E3 = {
						CreatedOnToolsVersion = 7.0;
						LastSwiftMigration = 0820;
					};
				};
			};
			buildConfigurationList = 6F7D74C11BD1B46B0035E6E3 /* Build configuration list for PBXProject "ReorderStackView" */;
			compatibilityVersion = "Xcode 3.2";
			developmentRegion = English;
			hasScannedForEncodings = 0;
			knownRegions = (
				English,
				en,
				Base,
			);
			mainGroup = 6F7D74BD1BD1B46B0035E6E3;
			productRefGroup = 6F7D74C71BD1B46B0035E6E3 /* Products */;
			projectDirPath = "";
			projectRoot = "";
			targets = (
				6F7D74C51BD1B46B0035E6E3 /* ReorderStackView */,
			);
		};
/* End PBXProject section */

/* Begin PBXResourcesBuildPhase section */
		6F7D74C41BD1B46B0035E6E3 /* Resources */ = {
			isa = PBXResourcesBuildPhase;
			buildActionMask = 2147483647;
			files = (
				6F7D74D71BD1B46B0035E6E3 /* LaunchScreen.storyboard in Resources */,
				6F7D74D41BD1B46B0035E6E3 /* Assets.xcassets in Resources */,
			);
			runOnlyForDeploymentPostprocessing = 0;
		};
/* End PBXResourcesBuildPhase section */

/* Begin PBXSourcesBuildPhase section */
		6F7D74C21BD1B46B0035E6E3 /* Sources */ = {
			isa = PBXSourcesBuildPhase;
			buildActionMask = 2147483647;
			files = (
				6F7D74CC1BD1B46B0035E6E3 /* ExampleViewController.swift in Sources */,
				6F7D74CA1BD1B46B0035E6E3 /* AppDelegate.swift in Sources */,
				6F7D74CE1BD1B46B0035E6E3 /* ExampleView.swift in Sources */,
				6F7D74DE1BD1B6740035E6E3 /* APRedorderableStackView.swift in Sources */,
				6F7D74E41BD1B8370035E6E3 /* UIColorExtension.swift in Sources */,
			);
			runOnlyForDeploymentPostprocessing = 0;
		};
/* End PBXSourcesBuildPhase section */

/* Begin PBXVariantGroup section */
		6F7D74D51BD1B46B0035E6E3 /* LaunchScreen.storyboard */ = {
			isa = PBXVariantGroup;
			children = (
				6F7D74D61BD1B46B0035E6E3 /* Base */,
			);
			name = LaunchScreen.storyboard;
			sourceTree = "<group>";
		};
/* End PBXVariantGroup section */

/* Begin XCBuildConfiguration section */
		6F7D74D81BD1B46B0035E6E3 /* Debug */ = {
			isa = XCBuildConfiguration;
			buildSettings = {
				ALWAYS_SEARCH_USER_PATHS = NO;
				CLANG_CXX_LANGUAGE_STANDARD = "gnu++0x";
				CLANG_CXX_LIBRARY = "libc++";
				CLANG_ENABLE_MODULES = YES;
				CLANG_ENABLE_OBJC_ARC = YES;
				CLANG_WARN_BOOL_CONVERSION = YES;
				CLANG_WARN_CONSTANT_CONVERSION = YES;
				CLANG_WARN_DIRECT_OBJC_ISA_USAGE = YES_ERROR;
				CLANG_WARN_EMPTY_BODY = YES;
				CLANG_WARN_ENUM_CONVERSION = YES;
				CLANG_WARN_INT_CONVERSION = YES;
				CLANG_WARN_OBJC_ROOT_CLASS = YES_ERROR;
				CLANG_WARN_UNREACHABLE_CODE = YES;
				CLANG_WARN__DUPLICATE_METHOD_MATCH = YES;
				"CODE_SIGN_IDENTITY[sdk=iphoneos*]" = "iPhone Developer";
				COPY_PHASE_STRIP = NO;
				DEBUG_INFORMATION_FORMAT = dwarf;
				ENABLE_STRICT_OBJC_MSGSEND = YES;
				ENABLE_TESTABILITY = YES;
				GCC_C_LANGUAGE_STANDARD = gnu99;
				GCC_DYNAMIC_NO_PIC = NO;
				GCC_NO_COMMON_BLOCKS = YES;
				GCC_OPTIMIZATION_LEVEL = 0;
				GCC_PREPROCESSOR_DEFINITIONS = (
					"DEBUG=1",
					"$(inherited)",
				);
				GCC_WARN_64_TO_32_BIT_CONVERSION = YES;
				GCC_WARN_ABOUT_RETURN_TYPE = YES_ERROR;
				GCC_WARN_UNDECLARED_SELECTOR = YES;
				GCC_WARN_UNINITIALIZED_AUTOS = YES_AGGRESSIVE;
				GCC_WARN_UNUSED_FUNCTION = YES;
				GCC_WARN_UNUSED_VARIABLE = YES;
				IPHONEOS_DEPLOYMENT_TARGET = 9.0;
				MTL_ENABLE_DEBUG_INFO = YES;
				ONLY_ACTIVE_ARCH = YES;
				SDKROOT = iphoneos;
				SWIFT_OPTIMIZATION_LEVEL = "-Onone";
			};
			name = Debug;
		};
		6F7D74D91BD1B46B0035E6E3 /* Release */ = {
			isa = XCBuildConfiguration;
			buildSettings = {
				ALWAYS_SEARCH_USER_PATHS = NO;
				CLANG_CXX_LANGUAGE_STANDARD = "gnu++0x";
				CLANG_CXX_LIBRARY = "libc++";
				CLANG_ENABLE_MODULES = YES;
				CLANG_ENABLE_OBJC_ARC = YES;
				CLANG_WARN_BOOL_CONVERSION = YES;
				CLANG_WARN_CONSTANT_CONVERSION = YES;
				CLANG_WARN_DIRECT_OBJC_ISA_USAGE = YES_ERROR;
				CLANG_WARN_EMPTY_BODY = YES;
				CLANG_WARN_ENUM_CONVERSION = YES;
				CLANG_WARN_INT_CONVERSION = YES;
				CLANG_WARN_OBJC_ROOT_CLASS = YES_ERROR;
				CLANG_WARN_UNREACHABLE_CODE = YES;
				CLANG_WARN__DUPLICATE_METHOD_MATCH = YES;
				"CODE_SIGN_IDENTITY[sdk=iphoneos*]" = "iPhone Developer";
				COPY_PHASE_STRIP = NO;
				DEBUG_INFORMATION_FORMAT = "dwarf-with-dsym";
				ENABLE_NS_ASSERTIONS = NO;
				ENABLE_STRICT_OBJC_MSGSEND = YES;
				GCC_C_LANGUAGE_STANDARD = gnu99;
				GCC_NO_COMMON_BLOCKS = YES;
				GCC_WARN_64_TO_32_BIT_CONVERSION = YES;
				GCC_WARN_ABOUT_RETURN_TYPE = YES_ERROR;
				GCC_WARN_UNDECLARED_SELECTOR = YES;
				GCC_WARN_UNINITIALIZED_AUTOS = YES_AGGRESSIVE;
				GCC_WARN_UNUSED_FUNCTION = YES;
				GCC_WARN_UNUSED_VARIABLE = YES;
				IPHONEOS_DEPLOYMENT_TARGET = 9.0;
				MTL_ENABLE_DEBUG_INFO = NO;
				SDKROOT = iphoneos;
				VALIDATE_PRODUCT = YES;
			};
			name = Release;
		};
		6F7D74DB1BD1B46B0035E6E3 /* Debug */ = {
			isa = XCBuildConfiguration;
			buildSettings = {
				ASSETCATALOG_COMPILER_APPICON_NAME = AppIcon;
				FRAMEWORK_SEARCH_PATHS = "";
				INFOPLIST_FILE = ReorderStackView/Info.plist;
				LD_RUNPATH_SEARCH_PATHS = "$(inherited) @executable_path/Frameworks";
				PRODUCT_BUNDLE_IDENTIFIER = clayellis.ReorderStackView;
				PRODUCT_NAME = "$(TARGET_NAME)";
				SWIFT_VERSION = 5.0;
			};
			name = Debug;
		};
		6F7D74DC1BD1B46B0035E6E3 /* Release */ = {
			isa = XCBuildConfiguration;
			buildSettings = {
				ASSETCATALOG_COMPILER_APPICON_NAME = AppIcon;
				FRAMEWORK_SEARCH_PATHS = "";
				INFOPLIST_FILE = ReorderStackView/Info.plist;
				LD_RUNPATH_SEARCH_PATHS = "$(inherited) @executable_path/Frameworks";
				PRODUCT_BUNDLE_IDENTIFIER = clayellis.ReorderStackView;
				PRODUCT_NAME = "$(TARGET_NAME)";
				SWIFT_VERSION = 5.0;
			};
			name = Release;
		};
/* End XCBuildConfiguration section */

/* Begin XCConfigurationList section */
		6F7D74C11BD1B46B0035E6E3 /* Build configuration list for PBXProject "ReorderStackView" */ = {
			isa = XCConfigurationList;
			buildConfigurations = (
				6F7D74D81BD1B46B0035E6E3 /* Debug */,
				6F7D74D91BD1B46B0035E6E3 /* Release */,
			);
			defaultConfigurationIsVisible = 0;
			defaultConfigurationName = Release;
		};
		6F7D74DA1BD1B46B0035E6E3 /* Build configuration list for PBXNativeTarget "ReorderStackView" */ = {
			isa = XCConfigurationList;
			buildConfigurations = (
				6F7D74DB1BD1B46B0035E6E3 /* Debug */,
				6F7D74DC1BD1B46B0035E6E3 /* Release */,
			);
			defaultConfigurationIsVisible = 0;
			defaultConfigurationName = Release;
		};
/* End XCConfigurationList section */
	};
	rootObject = 6F7D74BE1BD1B46B0035E6E3 /* Project object */;
}
